PATH
  remote: .
  specs:
    ruby-mana (0.5.4)
      binding_of_caller (>= 1.0)
      mini_racer (>= 0.16)

GEM
  remote: https://rubygems.org/
  specs:
    addressable (2.8.9)
      public_suffix (>= 2.0.2, < 8.0)
    ast (2.4.3)
    bigdecimal (4.0.1)
    binding_of_caller (2.0.0)
      debug_inspector (>= 1.2.0)
    crack (1.0.1)
      bigdecimal
      rexml
    debug_inspector (1.2.0)
    diff-lcs (1.6.2)
    hashdiff (1.2.1)
    json (2.19.2)
    json-schema (6.2.0)
      addressable (~> 2.8)
      bigdecimal (>= 3.1, < 5)
    language_server-protocol (3.17.0.5)
    libv8-node (24.12.0.1)
    libv8-node (24.12.0.1-aarch64-linux)
    libv8-node (24.12.0.1-aarch64-linux-musl)
    libv8-node (24.12.0.1-arm64-darwin)
    libv8-node (24.12.0.1-x86_64-darwin)
    libv8-node (24.12.0.1-x86_64-linux)
    libv8-node (24.12.0.1-x86_64-linux-musl)
    lint_roller (1.1.0)
    mcp (0.9.0)
      json-schema (>= 4.1)
    mini_racer (0.20.0)
      libv8-node (~> 24.12.0.1)
    parallel (1.27.0)
    parser (3.3.10.2)
      ast (~> 2.4.1)
      racc
    prism (1.9.0)
    public_suffix (7.0.5)
    pycall (1.5.2)
    racc (1.8.1)
    rainbow (3.1.1)
    regexp_parser (2.11.3)
    rexml (3.4.4)
    rspec (3.13.2)
      rspec-core (~> 3.13.0)
      rspec-expectations (~> 3.13.0)
      rspec-mocks (~> 3.13.0)
    rspec-core (3.13.6)
      rspec-support (~> 3.13.0)
    rspec-expectations (3.13.5)
      diff-lcs (>= 1.2.0, < 2.0)
      rspec-support (~> 3.13.0)
    rspec-mocks (3.13.8)
      diff-lcs (>= 1.2.0, < 2.0)
      rspec-support (~> 3.13.0)
    rspec-support (3.13.7)
    rubocop (1.85.1)
      json (~> 2.3)
      language_server-protocol (~> 3.17.0.2)
      lint_roller (~> 1.1.0)
      mcp (~> 0.6)
      parallel (~> 1.10)
      parser (>= 3.3.0.2)
      rainbow (>= 2.2.2, < 4.0)
      regexp_parser (>= 2.9.3, < 3.0)
      rubocop-ast (>= 1.49.0, < 2.0)
      ruby-progressbar (~> 1.7)
      unicode-display_width (>= 2.4.0, < 4.0)
    rubocop-ast (1.49.1)
      parser (>= 3.3.7.2)
      prism (~> 1.7)
    ruby-progressbar (1.13.0)
    unicode-display_width (3.2.0)
      unicode-emoji (~> 4.1)
    unicode-emoji (4.2.0)
    webmock (3.26.2)
      addressable (>= 2.8.0)
      crack (>= 0.3.2)
      hashdiff (>= 0.4.0, < 2.0.0)

PLATFORMS
  aarch64-linux
  aarch64-linux-musl
  arm64-darwin
  ruby
  x86_64-darwin
  x86_64-linux
  x86_64-linux-musl

DEPENDENCIES
  pycall (~> 1.5)
  rspec (~> 3.13)
  rubocop (~> 1.68)
  ruby-mana!
  webmock (~> 3.24)

CHECKSUMS
  addressable (2.8.9) sha256=cc154fcbe689711808a43601dee7b980238ce54368d23e127421753e46895485
  ast (2.4.3) sha256=954615157c1d6a382bc27d690d973195e79db7f55e9765ac7c481c60bdb4d383
  bigdecimal (4.0.1) sha256=8b07d3d065a9f921c80ceaea7c9d4ae596697295b584c296fe599dd0ad01c4a7
  binding_of_caller (2.0.0) sha256=e53eebf8428a85587aede7b43a83e7419eb85b8b690938a96aa330d03052d517
  crack (1.0.1) sha256=ff4a10390cd31d66440b7524eb1841874db86201d5b70032028553130b6d4c7e
  debug_inspector (1.2.0) sha256=9bdfa02eebc3da163833e6a89b154084232f5766087e59573b70521c77ea68a2
  diff-lcs (1.6.2) sha256=9ae0d2cba7d4df3075fe8cd8602a8604993efc0dfa934cff568969efb1909962
  hashdiff (1.2.1) sha256=9c079dbc513dfc8833ab59c0c2d8f230fa28499cc5efb4b8dd276cf931457cd1
  json (2.19.2) sha256=e7e1bd318b2c37c4ceee2444841c86539bc462e81f40d134cf97826cb14e83cf
  json-schema (6.2.0) sha256=e8bff46ed845a22c1ab2bd0d7eccf831c01fe23bb3920caa4c74db4306813666
  language_server-protocol (3.17.0.5) sha256=fd1e39a51a28bf3eec959379985a72e296e9f9acfce46f6a79d31ca8760803cc
  libv8-node (24.12.0.1) sha256=d93d23b861bfe5de3ba829e34a142402fb83b4c3592dd58d9ac4e027588d739a
  libv8-node (24.12.0.1-aarch64-linux) sha256=22bd0246cde85d70c88cf772727ac3677a20ac1d169105f82efe5f1f7c39f755
  libv8-node (24.12.0.1-aarch64-linux-musl) sha256=791b5960f79525e87d1bd1e5f2bf3715ef2a38bac6c97f297853e98a8411ba89
  libv8-node (24.12.0.1-arm64-darwin) sha256=124904a46b4a15c01ac024b4cf537dcf199cfb49a309cc59f66315e156e48339
  libv8-node (24.12.0.1-x86_64-darwin) sha256=5eee594393e7a27dc230a7fca5f9f72fc11ed58bce655624a683f4d027bf2d16
  libv8-node (24.12.0.1-x86_64-linux) sha256=e1236be4765edc109bd6ecef2989cf781bdcbac6f6e2cb3236ec9568540a9cfa
  libv8-node (24.12.0.1-x86_64-linux-musl) sha256=7563175534c40893815bfd28e8fe27e12ff1656700c7208f53de06d14001712b
  lint_roller (1.1.0) sha256=2c0c845b632a7d172cb849cc90c1bce937a28c5c8ccccb50dfd46a485003cc87
  mcp (0.9.0) sha256=a0a3737b0ac9df0772f4ef7e2b013c260ddbcf217a5d50a66bff0baeddf03e47
  mini_racer (0.20.0) sha256=860e944c20894413c0e4921f8531166b22180d988e75a5dc152be9505da91ff2
  parallel (1.27.0) sha256=4ac151e1806b755fb4e2dc2332cbf0e54f2e24ba821ff2d3dcf86bf6dc4ae130
  parser (3.3.10.2) sha256=6f60c84aa4bdcedb6d1a2434b738fe8a8136807b6adc8f7f53b97da9bc4e9357
  prism (1.9.0) sha256=7b530c6a9f92c24300014919c9dcbc055bf4cdf51ec30aed099b06cd6674ef85
  public_suffix (7.0.5) sha256=1a8bb08f1bbea19228d3bed6e5ed908d1cb4f7c2726d18bd9cadf60bc676f623
  pycall (1.5.2) sha256=759ece7b08007a20cf610fcfeb91b86cb77864f37ac343cc4fe25f14cca65ff3
  racc (1.8.1) sha256=4a7f6929691dbec8b5209a0b373bc2614882b55fc5d2e447a21aaa691303d62f
  rainbow (3.1.1) sha256=039491aa3a89f42efa1d6dec2fc4e62ede96eb6acd95e52f1ad581182b79bc6a
  regexp_parser (2.11.3) sha256=ca13f381a173b7a93450e53459075c9b76a10433caadcb2f1180f2c741fc55a4
  rexml (3.4.4) sha256=19e0a2c3425dfbf2d4fc1189747bdb2f849b6c5e74180401b15734bc97b5d142
  rspec (3.13.2) sha256=206284a08ad798e61f86d7ca3e376718d52c0bc944626b2349266f239f820587
  rspec-core (3.13.6) sha256=a8823c6411667b60a8bca135364351dda34cd55e44ff94c4be4633b37d828b2d
  rspec-expectations (3.13.5) sha256=33a4d3a1d95060aea4c94e9f237030a8f9eae5615e9bd85718fe3a09e4b58836
  rspec-mocks (3.13.8) sha256=086ad3d3d17533f4237643de0b5c42f04b66348c28bf6b9c2d3f4a3b01af1d47
  rspec-support (3.13.7) sha256=0640e5570872aafefd79867901deeeeb40b0c9875a36b983d85f54fb7381c47c
  rubocop (1.85.1) sha256=3dbcf9e961baa4c376eeeb2a03913dca5e3987033b04d38fa538aa1e7406cc77
  rubocop-ast (1.49.1) sha256=4412f3ee70f6fe4546cc489548e0f6fcf76cafcfa80fa03af67098ffed755035
  ruby-mana (0.5.4)
  ruby-progressbar (1.13.0) sha256=80fc9c47a9b640d6834e0dc7b3c94c9df37f08cb072b7761e4a71e22cff29b33
  unicode-display_width (3.2.0) sha256=0cdd96b5681a5949cdbc2c55e7b420facae74c4aaf9a9815eee1087cb1853c42
  unicode-emoji (4.2.0) sha256=519e69150f75652e40bf736106cfbc8f0f73aa3fb6a65afe62fefa7f80b0f80f
  webmock (3.26.2) sha256=774556f2ea6371846cca68c01769b2eac0d134492d21f6d0ab5dd643965a4c90

BUNDLED WITH
  4.0.8
